
Microsoft Visual Studio Solution File, Format Version 12.00
# Visual Studio Version 16
VisualStudioVersion = 16.0.29318.209
MinimumVisualStudioVersion = 10.0.40219.1
Project("{9A19103F-16F7-4668-BE54-9A1E7A4F7556}") = "AgonesPod.ConsoleSample", "samples\AgonesPod.ConsoleSample\AgonesPod.ConsoleSample.csproj", "{BD52721A-0A19-49C1-B946-35EB5AD2E8CF}"
EndProject
Project("{9A19103F-16F7-4668-BE54-9A1E7A4F7556}") = "AgonesPod", "src\AgonesPod\AgonesPod.csproj", "{A94B2F90-D6EF-4361-820E-E0B280137461}"
EndProject
Project("{2150E333-8FDC-42A3-9474-1A3956D46DE8}") = "samples", "samples", "{E91E06DD-4B4B-4871-AF5E-69653DC643A6}"
EndProject
Global
	GlobalSection(SolutionConfigurationPlatforms) = preSolution
		Debug|Any CPU = Debug|Any CPU
		Release|Any CPU = Release|Any CPU
	EndGlobalSection
	GlobalSection(ProjectConfigurationPlatforms) = postSolution
		{BD52721A-0A19-49C1-B946-35EB5AD2E8CF}.Debug|Any CPU.ActiveCfg = Debug|Any CPU
		{BD52721A-0A19-49C1-B946-35EB5AD2E8CF}.Debug|Any CPU.Build.0 = Debug|Any CPU
		{BD52721A-0A19-49C1-B946-35EB5AD2E8CF}.Release|Any CPU.ActiveCfg = Release|Any CPU
		{BD52721A-0A19-49C1-B946-35EB5AD2E8CF}.Release|Any CPU.Build.0 = Release|Any CPU
		{A94B2F90-D6EF-4361-820E-E0B280137461}.Debug|Any CPU.ActiveCfg = Debug|Any CPU
		{A94B2F90-D6EF-4361-820E-E0B280137461}.Debug|Any CPU.Build.0 = Debug|Any CPU
		{A94B2F90-D6EF-4361-820E-E0B280137461}.Release|Any CPU.ActiveCfg = Release|Any CPU
		{A94B2F90-D6EF-4361-820E-E0B280137461}.Release|Any CPU.Build.0 = Release|Any CPU
	EndGlobalSection
	GlobalSection(SolutionProperties) = preSolution
		HideSolutionNode = FALSE
	EndGlobalSection
	GlobalSection(NestedProjects) = preSolution
		{BD52721A-0A19-49C1-B946-35EB5AD2E8CF} = {E91E06DD-4B4B-4871-AF5E-69653DC643A6}
	EndGlobalSection
	GlobalSection(ExtensibilityGlobals) = postSolution
		SolutionGuid = {A0E861D6-65B9-47EE-BC62-F5A4993D7739}
	EndGlobalSection
EndGlobal
